// !$*UTF8*$!
{
	archiveVersion = 1;
	classes = {
	};
	objectVersion = 50;
	objects = {

/* Begin PBXBuildFile section */
		257130B62697292A0060AF92 /* LandmarksApp.swift in Sources */ = {isa = PBXBuildFile; fileRef = 257130B52697292A0060AF92 /* LandmarksApp.swift */; };
		257130B82697292A0060AF92 /* ContentView.swift in Sources */ = {isa = PBXBuildFile; fileRef = 257130B72697292A0060AF92 /* ContentView.swift */; };
		257130BA2697292C0060AF92 /* Assets.xcassets in Resources */ = {isa = PBXBuildFile; fileRef = 257130B92697292C0060AF92 /* Assets.xcassets */; };
		257130BD2697292C0060AF92 /* Preview Assets.xcassets in Resources */ = {isa = PBXBuildFile; fileRef = 257130BC2697292C0060AF92 /* Preview Assets.xcassets */; };
		257130C82697292C0060AF92 /* LandmarksTests.swift in Sources */ = {isa = PBXBuildFile; fileRef = 257130C72697292C0060AF92 /* LandmarksTests.swift */; };
		257130D32697292C0060AF92 /* LandmarksUITests.swift in Sources */ = {isa = PBXBuildFile; fileRef = 257130D22697292C0060AF92 /* LandmarksUITests.swift */; };
		25D661732697392D00F5DA6A /* CircleImage.swift in Sources */ = {isa = PBXBuildFile; fileRef = 25D661722697392D00F5DA6A /* CircleImage.swift */; };
		25D6617526973DF800F5DA6A /* MapView.swift in Sources */ = {isa = PBXBuildFile; fileRef = 25D6617426973DF800F5DA6A /* MapView.swift */; };
		25D661792697488300F5DA6A /* landmarkData.json in Resources */ = {isa = PBXBuildFile; fileRef = 25D661782697488300F5DA6A /* landmarkData.json */; };
		25D6617B269748B200F5DA6A /* Landmark.swift in Sources */ = {isa = PBXBuildFile; fileRef = 25D6617A269748B200F5DA6A /* Landmark.swift */; };
		25D6617D26974D8A00F5DA6A /* ModelData.swift in Sources */ = {isa = PBXBuildFile; fileRef = 25D6617C26974D8A00F5DA6A /* ModelData.swift */; };
		25D6618026974EC000F5DA6A /* LandmarkRow.swift in Sources */ = {isa = PBXBuildFile; fileRef = 25D6617F26974EC000F5DA6A /* LandmarkRow.swift */; };
		25D66183269C7CC000F5DA6A /* LandmarkList.swift in Sources */ = {isa = PBXBuildFile; fileRef = 25D66182269C7CC000F5DA6A /* LandmarkList.swift */; };
		25D66185269C7FD200F5DA6A /* LandmarkDetail.swift in Sources */ = {isa = PBXBuildFile; fileRef = 25D66184269C7FD200F5DA6A /* LandmarkDetail.swift */; };
		25D66187269C925E00F5DA6A /* FavoriteButton.swift in Sources */ = {isa = PBXBuildFile; fileRef = 25D66186269C925E00F5DA6A /* FavoriteButton.swift */; };
		25D6618B269D0B8200F5DA6A /* HexagonParameters.swift in Sources */ = {isa = PBXBuildFile; fileRef = 25D6618A269D0B8200F5DA6A /* HexagonParameters.swift */; };
		25D6618D269D0C3000F5DA6A /* BadgeBackground.swift in Sources */ = {isa = PBXBuildFile; fileRef = 25D6618C269D0C3000F5DA6A /* BadgeBackground.swift */; };
		25D6618F269DCF9300F5DA6A /* BadgeSymbol.swift in Sources */ = {isa = PBXBuildFile; fileRef = 25D6618E269DCF9300F5DA6A /* BadgeSymbol.swift */; };
		25D66191269DD14E00F5DA6A /* RotatedBadgeSymbol.swift in Sources */ = {isa = PBXBuildFile; fileRef = 25D66190269DD14E00F5DA6A /* RotatedBadgeSymbol.swift */; };
		25D66193269DD20000F5DA6A /* Badge.swift in Sources */ = {isa = PBXBuildFile; fileRef = 25D66192269DD20000F5DA6A /* Badge.swift */; };
/* End PBXBuildFile section */

/* Begin PBXContainerItemProxy section */
		257130C42697292C0060AF92 /* PBXContainerItemProxy */ = {
			isa = PBXContainerItemProxy;
			containerPortal = 257130AA2697292A0060AF92 /* Project object */;
			proxyType = 1;
			remoteGlobalIDString = 257130B12697292A0060AF92;
			remoteInfo = Landmarks;
		};
		257130CF2697292C0060AF92 /* PBXContainerItemProxy */ = {
			isa = PBXContainerItemProxy;
			containerPortal = 257130AA2697292A0060AF92 /* Project object */;
			proxyType = 1;
			remoteGlobalIDString = 257130B12697292A0060AF92;
			remoteInfo = Landmarks;
		};
/* End PBXContainerItemProxy section */

/* Begin PBXFileReference section */
		257130B22697292A0060AF92 /* Landmarks.app */ = {isa = PBXFileReference; explicitFileType = wrapper.application; includeInIndex = 0; path = Landmarks.app; sourceTree = BUILT_PRODUCTS_DIR; };
		257130B52697292A0060AF92 /* LandmarksApp.swift */ = {isa = PBXFileReference; lastKnownFileType = sourcecode.swift; path = LandmarksApp.swift; sourceTree = "<group>"; };
		257130B72697292A0060AF92 /* ContentView.swift */ = {isa = PBXFileReference; lastKnownFileType = sourcecode.swift; path = ContentView.swift; sourceTree = "<group>"; };
		257130B92697292C0060AF92 /* Assets.xcassets */ = {isa = PBXFileReference; lastKnownFileType = folder.assetcatalog; path = Assets.xcassets; sourceTree = "<group>"; };
		257130BC2697292C0060AF92 /* Preview Assets.xcassets */ = {isa = PBXFileReference; lastKnownFileType = folder.assetcatalog; path = "Preview Assets.xcassets"; sourceTree = "<group>"; };
		257130BE2697292C0060AF92 /* Info.plist */ = {isa = PBXFileReference; lastKnownFileType = text.plist.xml; path = Info.plist; sourceTree = "<group>"; };
		257130C32697292C0060AF92 /* LandmarksTests.xctest */ = {isa = PBXFileReference; explicitFileType = wrapper.cfbundle; includeInIndex = 0; path = LandmarksTests.xctest; sourceTree = BUILT_PRODUCTS_DIR; };
		257130C72697292C0060AF92 /* LandmarksTests.swift */ = {isa = PBXFileReference; lastKnownFileType = sourcecode.swift; path = LandmarksTests.swift; sourceTree = "<group>"; };
		257130C92697292C0060AF92 /* Info.plist */ = {isa = PBXFileReference; lastKnownFileType = text.plist.xml; path = Info.plist; sourceTree = "<group>"; };
		257130CE2697292C0060AF92 /* LandmarksUITests.xctest */ = {isa = PBXFileReference; explicitFileType = wrapper.cfbundle; includeInIndex = 0; path = LandmarksUITests.xctest; sourceTree = BUILT_PRODUCTS_DIR; };
		257130D22697292C0060AF92 /* LandmarksUITests.swift */ = {isa = PBXFileReference; lastKnownFileType = sourcecode.swift; path = LandmarksUITests.swift; sourceTree = "<group>"; };
		257130D42697292C0060AF92 /* Info.plist */ = {isa = PBXFileReference; lastKnownFileType = text.plist.xml; path = Info.plist; sourceTree = "<group>"; };
		25D661722697392D00F5DA6A /* CircleImage.swift */ = {isa = PBXFileReference; lastKnownFileType = sourcecode.swift; path = CircleImage.swift; sourceTree = "<group>"; };
		25D6617426973DF800F5DA6A /* MapView.swift */ = {isa = PBXFileReference; lastKnownFileType = sourcecode.swift; path = MapView.swift; sourceTree = "<group>"; };
		25D661782697488300F5DA6A /* landmarkData.json */ = {isa = PBXFileReference; fileEncoding = 4; lastKnownFileType = text.json; path = landmarkData.json; sourceTree = "<group>"; };
		25D6617A269748B200F5DA6A /* Landmark.swift */ = {isa = PBXFileReference; lastKnownFileType = sourcecode.swift; path = Landmark.swift; sourceTree = "<group>"; };
		25D6617C26974D8A00F5DA6A /* ModelData.swift */ = {isa = PBXFileReference; lastKnownFileType = sourcecode.swift; path = ModelData.swift; sourceTree = "<group>"; };
		25D6617F26974EC000F5DA6A /* LandmarkRow.swift */ = {isa = PBXFileReference; lastKnownFileType = sourcecode.swift; path = LandmarkRow.swift; sourceTree = "<group>"; };
		25D66182269C7CC000F5DA6A /* LandmarkList.swift */ = {isa = PBXFileReference; lastKnownFileType = sourcecode.swift; path = LandmarkList.swift; sourceTree = "<group>"; };
		25D66184269C7FD200F5DA6A /* LandmarkDetail.swift */ = {isa = PBXFileReference; lastKnownFileType = sourcecode.swift; path = LandmarkDetail.swift; sourceTree = "<group>"; };
		25D66186269C925E00F5DA6A /* FavoriteButton.swift */ = {isa = PBXFileReference; lastKnownFileType = sourcecode.swift; path = FavoriteButton.swift; sourceTree = "<group>"; };
		25D6618A269D0B8200F5DA6A /* HexagonParameters.swift */ = {isa = PBXFileReference; lastKnownFileType = sourcecode.swift; path = HexagonParameters.swift; sourceTree = "<group>"; };
		25D6618C269D0C3000F5DA6A /* BadgeBackground.swift */ = {isa = PBXFileReference; lastKnownFileType = sourcecode.swift; path = BadgeBackground.swift; sourceTree = "<group>"; };
		25D6618E269DCF9300F5DA6A /* BadgeSymbol.swift */ = {isa = PBXFileReference; lastKnownFileType = sourcecode.swift; path = BadgeSymbol.swift; sourceTree = "<group>"; };
		25D66190269DD14E00F5DA6A /* RotatedBadgeSymbol.swift */ = {isa = PBXFileReference; lastKnownFileType = sourcecode.swift; path = RotatedBadgeSymbol.swift; sourceTree = "<group>"; };
		25D66192269DD20000F5DA6A /* Badge.swift */ = {isa = PBXFileReference; lastKnownFileType = sourcecode.swift; path = Badge.swift; sourceTree = "<group>"; };
/* End PBXFileReference section */

/* Begin PBXFrameworksBuildPhase section */
		257130AF2697292A0060AF92 /* Frameworks */ = {
			isa = PBXFrameworksBuildPhase;
			buildActionMask = 2147483647;
			files = (
			);
			runOnlyForDeploymentPostprocessing = 0;
		};
		257130C02697292C0060AF92 /* Frameworks */ = {
			isa = PBXFrameworksBuildPhase;
			buildActionMask = 2147483647;
			files = (
			);
			runOnlyForDeploymentPostprocessing = 0;
		};
		257130CB2697292C0060AF92 /* Frameworks */ = {
			isa = PBXFrameworksBuildPhase;
			buildActionMask = 2147483647;
			files = (
			);
			runOnlyForDeploymentPostprocessing = 0;
		};
/* End PBXFrameworksBuildPhase section */

/* Begin PBXGroup section */
		257130A92697292A0060AF92 = {
			isa = PBXGroup;
			children = (
				257130B42697292A0060AF92 /* Landmarks */,
				257130C62697292C0060AF92 /* LandmarksTests */,
				257130D12697292C0060AF92 /* LandmarksUITests */,
				257130B32697292A0060AF92 /* Products */,
			);
			sourceTree = "<group>";
		};
		257130B32697292A0060AF92 /* Products */ = {
			isa = PBXGroup;
			children = (
				257130B22697292A0060AF92 /* Landmarks.app */,
				257130C32697292C0060AF92 /* LandmarksTests.xctest */,
				257130CE2697292C0060AF92 /* LandmarksUITests.xctest */,
			);
			name = Products;
			sourceTree = "<group>";
		};
		257130B42697292A0060AF92 /* Landmarks */ = {
			isa = PBXGroup;
			children = (
				257130B52697292A0060AF92 /* LandmarksApp.swift */,
				25D6617E26974E9100F5DA6A /* Views */,
				25D66188269C92FC00F5DA6A /* Helpers */,
				25D66189269C932800F5DA6A /* Model */,
				257130B92697292C0060AF92 /* Assets.xcassets */,
				257130BE2697292C0060AF92 /* Info.plist */,
				257130BB2697292C0060AF92 /* Preview Content */,
			);
			path = Landmarks;
			sourceTree = "<group>";
		};
		257130BB2697292C0060AF92 /* Preview Content */ = {
			isa = PBXGroup;
			children = (
				257130BC2697292C0060AF92 /* Preview Assets.xcassets */,
			);
			path = "Preview Content";
			sourceTree = "<group>";
		};
		257130C62697292C0060AF92 /* LandmarksTests */ = {
			isa = PBXGroup;
			children = (
				257130C72697292C0060AF92 /* LandmarksTests.swift */,
				257130C92697292C0060AF92 /* Info.plist */,
			);
			path = LandmarksTests;
			sourceTree = "<group>";
		};
		257130D12697292C0060AF92 /* LandmarksUITests */ = {
			isa = PBXGroup;
			children = (
				257130D22697292C0060AF92 /* LandmarksUITests.swift */,
				257130D42697292C0060AF92 /* Info.plist */,
			);
			path = LandmarksUITests;
			sourceTree = "<group>";
		};
		25D6617E26974E9100F5DA6A /* Views */ = {
			isa = PBXGroup;
			children = (
				257130B72697292A0060AF92 /* ContentView.swift */,
				25D66195269DD47F00F5DA6A /* Badges */,
				25D66194269DD46400F5DA6A /* Landmarks */,
			);
			path = Views;
			sourceTree = "<group>";
		};
		25D66188269C92FC00F5DA6A /* Helpers */ = {
			isa = PBXGroup;
			children = (
				25D661722697392D00F5DA6A /* CircleImage.swift */,
				25D66186269C925E00F5DA6A /* FavoriteButton.swift */,
				25D6617426973DF800F5DA6A /* MapView.swift */,
			);
			path = Helpers;
			sourceTree = "<group>";
		};
		25D66189269C932800F5DA6A /* Model */ = {
			isa = PBXGroup;
			children = (
				25D661782697488300F5DA6A /* landmarkData.json */,
				25D6617A269748B200F5DA6A /* Landmark.swift */,
				25D6617C26974D8A00F5DA6A /* ModelData.swift */,
			);
			path = Model;
			sourceTree = "<group>";
		};
		25D66194269DD46400F5DA6A /* Landmarks */ = {
			isa = PBXGroup;
			children = (
				25D6617F26974EC000F5DA6A /* LandmarkRow.swift */,
				25D66182269C7CC000F5DA6A /* LandmarkList.swift */,
				25D66184269C7FD200F5DA6A /* LandmarkDetail.swift */,
			);
			path = Landmarks;
			sourceTree = "<group>";
		};
		25D66195269DD47F00F5DA6A /* Badges */ = {
			isa = PBXGroup;
			children = (
				25D6618A269D0B8200F5DA6A /* HexagonParameters.swift */,
				25D6618C269D0C3000F5DA6A /* BadgeBackground.swift */,
				25D6618E269DCF9300F5DA6A /* BadgeSymbol.swift */,
				25D66190269DD14E00F5DA6A /* RotatedBadgeSymbol.swift */,
				25D66192269DD20000F5DA6A /* Badge.swift */,
			);
			path = Badges;
			sourceTree = "<group>";
		};
/* End PBXGroup section */

/* Begin PBXNativeTarget section */
		257130B12697292A0060AF92 /* Landmarks */ = {
			isa = PBXNativeTarget;
			buildConfigurationList = 257130D72697292C0060AF92 /* Build configuration list for PBXNativeTarget "Landmarks" */;
			buildPhases = (
				257130AE2697292A0060AF92 /* Sources */,
				257130AF2697292A0060AF92 /* Frameworks */,
				257130B02697292A0060AF92 /* Resources */,
			);
			buildRules = (
			);
			dependencies = (
			);
			name = Landmarks;
			productName = Landmarks;
			productReference = 257130B22697292A0060AF92 /* Landmarks.app */;
			productType = "com.apple.product-type.application";
		};
		257130C22697292C0060AF92 /* LandmarksTests */ = {
			isa = PBXNativeTarget;
			buildConfigurationList = 257130DA2697292C0060AF92 /* Build configuration list for PBXNativeTarget "LandmarksTests" */;
			buildPhases = (
				257130BF2697292C0060AF92 /* Sources */,
				257130C02697292C0060AF92 /* Frameworks */,
				257130C12697292C0060AF92 /* Resources */,
			);
			buildRules = (
			);
			dependencies = (
				257130C52697292C0060AF92 /* PBXTargetDependency */,
			);
			name = LandmarksTests;
			productName = LandmarksTests;
			productReference = 257130C32697292C0060AF92 /* LandmarksTests.xctest */;
			productType = "com.apple.product-type.bundle.unit-test";
		};
		257130CD2697292C0060AF92 /* LandmarksUITests */ = {
			isa = PBXNativeTarget;
			buildConfigurationList = 257130DD2697292C0060AF92 /* Build configuration list for PBXNativeTarget "LandmarksUITests" */;
			buildPhases = (
				257130CA2697292C0060AF92 /* Sources */,
				257130CB2697292C0060AF92 /* Frameworks */,
				257130CC2697292C0060AF92 /* Resources */,
			);
			buildRules = (
			);
			dependencies = (
				257130D02697292C0060AF92 /* PBXTargetDependency */,
			);
			name = LandmarksUITests;
			productName = LandmarksUITests;
			productReference = 257130CE2697292C0060AF92 /* LandmarksUITests.xctest */;
			productType = "com.apple.product-type.bundle.ui-testing";
		};
/* End PBXNativeTarget section */

/* Begin PBXProject section */
		257130AA2697292A0060AF92 /* Project object */ = {
			isa = PBXProject;
			attributes = {
				KnownAssetTags = (
					New,
				);
				LastSwiftUpdateCheck = 1250;
				LastUpgradeCheck = 1250;
				TargetAttributes = {
					257130B12697292A0060AF92 = {
						CreatedOnToolsVersion = 12.5.1;
					};
					257130C22697292C0060AF92 = {
						CreatedOnToolsVersion = 12.5.1;
						TestTargetID = 257130B12697292A0060AF92;
					};
					257130CD2697292C0060AF92 = {
						CreatedOnToolsVersion = 12.5.1;
						TestTargetID = 257130B12697292A0060AF92;
					};
				};
			};
			buildConfigurationList = 257130AD2697292A0060AF92 /* Build configuration list for PBXProject "Landmarks" */;
			compatibilityVersion = "Xcode 9.3";
			developmentRegion = en;
			hasScannedForEncodings = 0;
			knownRegions = (
				en,
				Base,
			);
			mainGroup = 257130A92697292A0060AF92;
			productRefGroup = 257130B32697292A0060AF92 /* Products */;
			projectDirPath = "";
			projectRoot = "";
			targets = (
				257130B12697292A0060AF92 /* Landmarks */,
				257130C22697292C0060AF92 /* LandmarksTests */,
				257130CD2697292C0060AF92 /* LandmarksUITests */,
			);
		};
/* End PBXProject section */

/* Begin PBXResourcesBuildPhase section */
		257130B02697292A0060AF92 /* Resources */ = {
			isa = PBXResourcesBuildPhase;
			buildActionMask = 2147483647;
			files = (
				257130BD2697292C0060AF92 /* Preview Assets.xcassets in Resources */,
				257130BA2697292C0060AF92 /* Assets.xcassets in Resources */,
				25D661792697488300F5DA6A /* landmarkData.json in Resources */,
			);
			runOnlyForDeploymentPostprocessing = 0;
		};
		257130C12697292C0060AF92 /* Resources */ = {
			isa = PBXResourcesBuildPhase;
			buildActionMask = 2147483647;
			files = (
			);
			runOnlyForDeploymentPostprocessing = 0;
		};
		257130CC2697292C0060AF92 /* Resources */ = {
			isa = PBXResourcesBuildPhase;
			buildActionMask = 2147483647;
			files = (
			);
			runOnlyForDeploymentPostprocessing = 0;
		};
/* End PBXResourcesBuildPhase section */

/* Begin PBXSourcesBuildPhase section */
		257130AE2697292A0060AF92 /* Sources */ = {
			isa = PBXSourcesBuildPhase;
			buildActionMask = 2147483647;
			files = (
				257130B82697292A0060AF92 /* ContentView.swift in Sources */,
				25D66193269DD20000F5DA6A /* Badge.swift in Sources */,
				25D6617526973DF800F5DA6A /* MapView.swift in Sources */,
				257130B62697292A0060AF92 /* LandmarksApp.swift in Sources */,
				25D66187269C925E00F5DA6A /* FavoriteButton.swift in Sources */,
				25D6618B269D0B8200F5DA6A /* HexagonParameters.swift in Sources */,
				25D66191269DD14E00F5DA6A /* RotatedBadgeSymbol.swift in Sources */,
				25D6618F269DCF9300F5DA6A /* BadgeSymbol.swift in Sources */,
				25D66183269C7CC000F5DA6A /* LandmarkList.swift in Sources */,
				25D66185269C7FD200F5DA6A /* LandmarkDetail.swift in Sources */,
				25D6618D269D0C3000F5DA6A /* BadgeBackground.swift in Sources */,
				25D661732697392D00F5DA6A /* CircleImage.swift in Sources */,
				25D6617B269748B200F5DA6A /* Landmark.swift in Sources */,
				25D6618026974EC000F5DA6A /* LandmarkRow.swift in Sources */,
				25D6617D26974D8A00F5DA6A /* ModelData.swift in Sources */,
			);
			runOnlyForDeploymentPostprocessing = 0;
		};
		257130BF2697292C0060AF92 /* Sources */ = {
			isa = PBXSourcesBuildPhase;
			buildActionMask = 2147483647;
			files = (
				257130C82697292C0060AF92 /* LandmarksTests.swift in Sources */,
			);
			runOnlyForDeploymentPostprocessing = 0;
		};
		257130CA2697292C0060AF92 /* Sources */ = {
			isa = PBXSourcesBuildPhase;
			buildActionMask = 2147483647;
			files = (
				257130D32697292C0060AF92 /* LandmarksUITests.swift in Sources */,
			);
			runOnlyForDeploymentPostprocessing = 0;
		};
/* End PBXSourcesBuildPhase section */

/* Begin PBXTargetDependency section */
		257130C52697292C0060AF92 /* PBXTargetDependency */ = {
			isa = PBXTargetDependency;
			target = 257130B12697292A0060AF92 /* Landmarks */;
			targetProxy = 257130C42697292C0060AF92 /* PBXContainerItemProxy */;
		};
		257130D02697292C0060AF92 /* PBXTargetDependency */ = {
			isa = PBXTargetDependency;
			target = 257130B12697292A0060AF92 /* Landmarks */;
			targetProxy = 257130CF2697292C0060AF92 /* PBXContainerItemProxy */;
		};
/* End PBXTargetDependency section */

/* Begin XCBuildConfiguration section */
		257130D52697292C0060AF92 /* Debug */ = {
			isa = XCBuildConfiguration;
			buildSettings = {
				ALWAYS_SEARCH_USER_PATHS = NO;
				CLANG_ANALYZER_NONNULL = YES;
				CLANG_ANALYZER_NUMBER_OBJECT_CONVERSION = YES_AGGRESSIVE;
				CLANG_CXX_LANGUAGE_STANDARD = "gnu++14";
				CLANG_CXX_LIBRARY = "libc++";
				CLANG_ENABLE_MODULES = YES;
				CLANG_ENABLE_OBJC_ARC = YES;
				CLANG_ENABLE_OBJC_WEAK = YES;
				CLANG_WARN_BLOCK_CAPTURE_AUTORELEASING = YES;
				CLANG_WARN_BOOL_CONVERSION = YES;
				CLANG_WARN_COMMA = YES;
				CLANG_WARN_CONSTANT_CONVERSION = YES;
				CLANG_WARN_DEPRECATED_OBJC_IMPLEMENTATIONS = YES;
				CLANG_WARN_DIRECT_OBJC_ISA_USAGE = YES_ERROR;
				CLANG_WARN_DOCUMENTATION_COMMENTS = YES;
				CLANG_WARN_EMPTY_BODY = YES;
				CLANG_WARN_ENUM_CONVERSION = YES;
				CLANG_WARN_INFINITE_RECURSION = YES;
				CLANG_WARN_INT_CONVERSION = YES;
				CLANG_WARN_NON_LITERAL_NULL_CONVERSION = YES;
				CLANG_WARN_OBJC_IMPLICIT_RETAIN_SELF = YES;
				CLANG_WARN_OBJC_LITERAL_CONVERSION = YES;
				CLANG_WARN_OBJC_ROOT_CLASS = YES_ERROR;
				CLANG_WARN_QUOTED_INCLUDE_IN_FRAMEWORK_HEADER = YES;
				CLANG_WARN_RANGE_LOOP_ANALYSIS = YES;
				CLANG_WARN_STRICT_PROTOTYPES = YES;
				CLANG_WARN_SUSPICIOUS_MOVE = YES;
				CLANG_WARN_UNGUARDED_AVAILABILITY = YES_AGGRESSIVE;
				CLANG_WARN_UNREACHABLE_CODE = YES;
				CLANG_WARN__DUPLICATE_METHOD_MATCH = YES;
				COPY_PHASE_STRIP = NO;
				DEBUG_INFORMATION_FORMAT = dwarf;
				ENABLE_STRICT_OBJC_MSGSEND = YES;
				ENABLE_TESTABILITY = YES;
				GCC_C_LANGUAGE_STANDARD = gnu11;
				GCC_DYNAMIC_NO_PIC = NO;
				GCC_NO_COMMON_BLOCKS = YES;
				GCC_OPTIMIZATION_LEVEL = 0;
				GCC_PREPROCESSOR_DEFINITIONS = (
					"DEBUG=1",
					"$(inherited)",
				);
				GCC_WARN_64_TO_32_BIT_CONVERSION = YES;
				GCC_WARN_ABOUT_RETURN_TYPE = YES_ERROR;
				GCC_WARN_UNDECLARED_SELECTOR = YES;
				GCC_WARN_UNINITIALIZED_AUTOS = YES_AGGRESSIVE;
				GCC_WARN_UNUSED_FUNCTION = YES;
				GCC_WARN_UNUSED_VARIABLE = YES;
				IPHONEOS_DEPLOYMENT_TARGET = 14.5;
				MTL_ENABLE_DEBUG_INFO = INCLUDE_SOURCE;
				MTL_FAST_MATH = YES;
				ONLY_ACTIVE_ARCH = YES;
				SDKROOT = iphoneos;
				SWIFT_ACTIVE_COMPILATION_CONDITIONS = DEBUG;
				SWIFT_OPTIMIZATION_LEVEL = "-Onone";
			};
			name = Debug;
		};
		257130D62697292C0060AF92 /* Release */ = {
			isa = XCBuildConfiguration;
			buildSettings = {
				ALWAYS_SEARCH_USER_PATHS = NO;
				CLANG_ANALYZER_NONNULL = YES;
				CLANG_ANALYZER_NUMBER_OBJECT_CONVERSION = YES_AGGRESSIVE;
				CLANG_CXX_LANGUAGE_STANDARD = "gnu++14";
				CLANG_CXX_LIBRARY = "libc++";
				CLANG_ENABLE_MODULES = YES;
				CLANG_ENABLE_OBJC_ARC = YES;
				CLANG_ENABLE_OBJC_WEAK = YES;
				CLANG_WARN_BLOCK_CAPTURE_AUTORELEASING = YES;
				CLANG_WARN_BOOL_CONVERSION = YES;
				CLANG_WARN_COMMA = YES;
				CLANG_WARN_CONSTANT_CONVERSION = YES;
				CLANG_WARN_DEPRECATED_OBJC_IMPLEMENTATIONS = YES;
				CLANG_WARN_DIRECT_OBJC_ISA_USAGE = YES_ERROR;
				CLANG_WARN_DOCUMENTATION_COMMENTS = YES;
				CLANG_WARN_EMPTY_BODY = YES;
				CLANG_WARN_ENUM_CONVERSION = YES;
				CLANG_WARN_INFINITE_RECURSION = YES;
				CLANG_WARN_INT_CONVERSION = YES;
				CLANG_WARN_NON_LITERAL_NULL_CONVERSION = YES;
				CLANG_WARN_OBJC_IMPLICIT_RETAIN_SELF = YES;
				CLANG_WARN_OBJC_LITERAL_CONVERSION = YES;
				CLANG_WARN_OBJC_ROOT_CLASS = YES_ERROR;
				CLANG_WARN_QUOTED_INCLUDE_IN_FRAMEWORK_HEADER = YES;
				CLANG_WARN_RANGE_LOOP_ANALYSIS = YES;
				CLANG_WARN_STRICT_PROTOTYPES = YES;
				CLANG_WARN_SUSPICIOUS_MOVE = YES;
				CLANG_WARN_UNGUARDED_AVAILABILITY = YES_AGGRESSIVE;
				CLANG_WARN_UNREACHABLE_CODE = YES;
				CLANG_WARN__DUPLICATE_METHOD_MATCH = YES;
				COPY_PHASE_STRIP = NO;
				DEBUG_INFORMATION_FORMAT = "dwarf-with-dsym";
				ENABLE_NS_ASSERTIONS = NO;
				ENABLE_STRICT_OBJC_MSGSEND = YES;
				GCC_C_LANGUAGE_STANDARD = gnu11;
				GCC_NO_COMMON_BLOCKS = YES;
				GCC_WARN_64_TO_32_BIT_CONVERSION = YES;
				GCC_WARN_ABOUT_RETURN_TYPE = YES_ERROR;
				GCC_WARN_UNDECLARED_SELECTOR = YES;
				GCC_WARN_UNINITIALIZED_AUTOS = YES_AGGRESSIVE;
				GCC_WARN_UNUSED_FUNCTION = YES;
				GCC_WARN_UNUSED_VARIABLE = YES;
				IPHONEOS_DEPLOYMENT_TARGET = 14.5;
				MTL_ENABLE_DEBUG_INFO = NO;
				MTL_FAST_MATH = YES;
				SDKROOT = iphoneos;
				SWIFT_COMPILATION_MODE = wholemodule;
				SWIFT_OPTIMIZATION_LEVEL = "-O";
				VALIDATE_PRODUCT = YES;
			};
			name = Release;
		};
		257130D82697292C0060AF92 /* Debug */ = {
			isa = XCBuildConfiguration;
			buildSettings = {
				ASSETCATALOG_COMPILER_APPICON_NAME = AppIcon;
				ASSETCATALOG_COMPILER_GLOBAL_ACCENT_COLOR_NAME = AccentColor;
				CODE_SIGN_IDENTITY = "Apple Development";
				CODE_SIGN_STYLE = Automatic;
				DEVELOPMENT_ASSET_PATHS = "\"Landmarks/Preview Content\"";
				DEVELOPMENT_TEAM = "";
				ENABLE_PREVIEWS = YES;
				INFOPLIST_FILE = Landmarks/Info.plist;
				IPHONEOS_DEPLOYMENT_TARGET = 14.0;
				LD_RUNPATH_SEARCH_PATHS = (
					"$(inherited)",
					"@executable_path/Frameworks",
				);
				PRODUCT_BUNDLE_IDENTIFIER = jp.yammer.apple.Landmarks;
				PRODUCT_NAME = "$(TARGET_NAME)";
				PROVISIONING_PROFILE_SPECIFIER = "";
				SWIFT_VERSION = 5.0;
				TARGETED_DEVICE_FAMILY = "1,2";
			};
			name = Debug;
		};
		257130D92697292C0060AF92 /* Release */ = {
			isa = XCBuildConfiguration;
			buildSettings = {
				ASSETCATALOG_COMPILER_APPICON_NAME = AppIcon;
				ASSETCATALOG_COMPILER_GLOBAL_ACCENT_COLOR_NAME = AccentColor;
				CODE_SIGN_IDENTITY = "Apple Development";
				CODE_SIGN_STYLE = Automatic;
				DEVELOPMENT_ASSET_PATHS = "\"Landmarks/Preview Content\"";
				DEVELOPMENT_TEAM = "";
				ENABLE_PREVIEWS = YES;
				INFOPLIST_FILE = Landmarks/Info.plist;
				IPHONEOS_DEPLOYMENT_TARGET = 14.0;
				LD_RUNPATH_SEARCH_PATHS = (
					"$(inherited)",
					"@executable_path/Frameworks",
				);
				PRODUCT_BUNDLE_IDENTIFIER = jp.yammer.apple.Landmarks;
				PRODUCT_NAME = "$(TARGET_NAME)";
				PROVISIONING_PROFILE_SPECIFIER = "";
				SWIFT_VERSION = 5.0;
				TARGETED_DEVICE_FAMILY = "1,2";
			};
			name = Release;
		};
		257130DB2697292C0060AF92 /* Debug */ = {
			isa = XCBuildConfiguration;
			buildSettings = {
				ALWAYS_EMBED_SWIFT_STANDARD_LIBRARIES = YES;
				BUNDLE_LOADER = "$(TEST_HOST)";
				CODE_SIGN_STYLE = Automatic;
				INFOPLIST_FILE = LandmarksTests/Info.plist;
				IPHONEOS_DEPLOYMENT_TARGET = 14.0;
				LD_RUNPATH_SEARCH_PATHS = (
					"$(inherited)",
					"@executable_path/Frameworks",
					"@loader_path/Frameworks",
				);
				PRODUCT_BUNDLE_IDENTIFIER = jp.yammer.apple.LandmarksTests;
				PRODUCT_NAME = "$(TARGET_NAME)";
				SWIFT_VERSION = 5.0;
				TARGETED_DEVICE_FAMILY = "1,2";
				TEST_HOST = "$(BUILT_PRODUCTS_DIR)/Landmarks.app/Landmarks";
			};
			name = Debug;
		};
		257130DC2697292C0060AF92 /* Release */ = {
			isa = XCBuildConfiguration;
			buildSettings = {
				ALWAYS_EMBED_SWIFT_STANDARD_LIBRARIES = YES;
				BUNDLE_LOADER = "$(TEST_HOST)";
				CODE_SIGN_STYLE = Automatic;
				INFOPLIST_FILE = LandmarksTests/Info.plist;
				IPHONEOS_DEPLOYMENT_TARGET = 14.0;
				LD_RUNPATH_SEARCH_PATHS = (
					"$(inherited)",
					"@executable_path/Frameworks",
					"@loader_path/Frameworks",
				);
				PRODUCT_BUNDLE_IDENTIFIER = jp.yammer.apple.LandmarksTests;
				PRODUCT_NAME = "$(TARGET_NAME)";
				SWIFT_VERSION = 5.0;
				TARGETED_DEVICE_FAMILY = "1,2";
				TEST_HOST = "$(BUILT_PRODUCTS_DIR)/Landmarks.app/Landmarks";
			};
			name = Release;
		};
		257130DE2697292C0060AF92 /* Debug */ = {
			isa = XCBuildConfiguration;
			buildSettings = {
				ALWAYS_EMBED_SWIFT_STANDARD_LIBRARIES = YES;
				CODE_SIGN_STYLE = Automatic;
				INFOPLIST_FILE = LandmarksUITests/Info.plist;
				LD_RUNPATH_SEARCH_PATHS = (
					"$(inherited)",
					"@executable_path/Frameworks",
					"@loader_path/Frameworks",
				);
				PRODUCT_BUNDLE_IDENTIFIER = jp.yammer.apple.LandmarksUITests;
				PRODUCT_NAME = "$(TARGET_NAME)";
				SWIFT_VERSION = 5.0;
				TARGETED_DEVICE_FAMILY = "1,2";
				TEST_TARGET_NAME = Landmarks;
			};
			name = Debug;
		};
		257130DF2697292C0060AF92 /* Release */ = {
			isa = XCBuildConfiguration;
			buildSettings = {
				ALWAYS_EMBED_SWIFT_STANDARD_LIBRARIES = YES;
				CODE_SIGN_STYLE = Automatic;
				INFOPLIST_FILE = LandmarksUITests/Info.plist;
				LD_RUNPATH_SEARCH_PATHS = (
					"$(inherited)",
					"@executable_path/Frameworks",
					"@loader_path/Frameworks",
				);
				PRODUCT_BUNDLE_IDENTIFIER = jp.yammer.apple.LandmarksUITests;
				PRODUCT_NAME = "$(TARGET_NAME)";
				SWIFT_VERSION = 5.0;
				TARGETED_DEVICE_FAMILY = "1,2";
				TEST_TARGET_NAME = Landmarks;
			};
			name = Release;
		};
/* End XCBuildConfiguration section */

/* Begin XCConfigurationList section */
		257130AD2697292A0060AF92 /* Build configuration list for PBXProject "Landmarks" */ = {
			isa = XCConfigurationList;
			buildConfigurations = (
				257130D52697292C0060AF92 /* Debug */,
				257130D62697292C0060AF92 /* Release */,
			);
			defaultConfigurationIsVisible = 0;
			defaultConfigurationName = Release;
		};
		257130D72697292C0060AF92 /* Build configuration list for PBXNativeTarget "Landmarks" */ = {
			isa = XCConfigurationList;
			buildConfigurations = (
				257130D82697292C0060AF92 /* Debug */,
				257130D92697292C0060AF92 /* Release */,
			);
			defaultConfigurationIsVisible = 0;
			defaultConfigurationName = Release;
		};
		257130DA2697292C0060AF92 /* Build configuration list for PBXNativeTarget "LandmarksTests" */ = {
			isa = XCConfigurationList;
			buildConfigurations = (
				257130DB2697292C0060AF92 /* Debug */,
				257130DC2697292C0060AF92 /* Release */,
			);
			defaultConfigurationIsVisible = 0;
			defaultConfigurationName = Release;
		};
		257130DD2697292C0060AF92 /* Build configuration list for PBXNativeTarget "LandmarksUITests" */ = {
			isa = XCConfigurationList;
			buildConfigurations = (
				257130DE2697292C0060AF92 /* Debug */,
				257130DF2697292C0060AF92 /* Release */,
			);
			defaultConfigurationIsVisible = 0;
			defaultConfigurationName = Release;
		};
/* End XCConfigurationList section */
	};
	rootObject = 257130AA2697292A0060AF92 /* Project object */;
}
